
Microsoft Visual Studio Solution File, Format Version 12.00
# Visual Studio Version 17
VisualStudioVersion = 17.4.33205.214
MinimumVisualStudioVersion = 10.0.40219.1
Project("{FAE04EC0-301F-11D3-BF4B-00C04F79EFBC}") = "AutomobileLibrary", "AutomobileLibrary\AutomobileLibrary.csproj", "{1EEDBDAD-053B-4CB5-830F-B944413D60A0}"
EndProject
Project("{FAE04EC0-301F-11D3-BF4B-00C04F79EFBC}") = "AutomobileWPFApp", "AutomobileWPFApp\AutomobileWPFApp.csproj", "{883F0EE2-F799-4610-9CE5-12300ED0F3A8}"
EndProject
Global
	GlobalSection(SolutionConfigurationPlatforms) = preSolution
		Debug|Any CPU = Debug|Any CPU
		Release|Any CPU = Release|Any CPU
	EndGlobalSection
	GlobalSection(ProjectConfigurationPlatforms) = postSolution
		{1EEDBDAD-053B-4CB5-830F-B944413D60A0}.Debug|Any CPU.ActiveCfg = Debug|Any CPU
		{1EEDBDAD-053B-4CB5-830F-B944413D60A0}.Debug|Any CPU.Build.0 = Debug|Any CPU
		{1EEDBDAD-053B-4CB5-830F-B944413D60A0}.Release|Any CPU.ActiveCfg = Release|Any CPU
		{1EEDBDAD-053B-4CB5-830F-B944413D60A0}.Release|Any CPU.Build.0 = Release|Any CPU
		{883F0EE2-F799-4610-9CE5-12300ED0F3A8}.Debug|Any CPU.ActiveCfg = Debug|Any CPU
		{883F0EE2-F799-4610-9CE5-12300ED0F3A8}.Debug|Any CPU.Build.0 = Debug|Any CPU
		{883F0EE2-F799-4610-9CE5-12300ED0F3A8}.Release|Any CPU.ActiveCfg = Release|Any CPU
		{883F0EE2-F799-4610-9CE5-12300ED0F3A8}.Release|Any CPU.Build.0 = Release|Any CPU
	EndGlobalSection
	GlobalSection(SolutionProperties) = preSolution
		HideSolutionNode = FALSE
	EndGlobalSection
	GlobalSection(ExtensibilityGlobals) = postSolution
		SolutionGuid = {F71CB94C-2493-4FA0-98E9-BDFCD10B5793}
	EndGlobalSection
EndGlobal
